
Microsoft Visual Studio Solution File, Format Version 12.00
# Visual Studio 2015
Project("{FAE04EC0-301F-11D3-BF4B-00C04F79EFBC}") = "Town Centre Turmoil.CSharp", "Town Centre Turmoil.CSharp.csproj", "{D3299B23-B406-335D-4ED4-8C5E805FB4F4}"
EndProject
Project("{FAE04EC0-301F-11D3-BF4B-00C04F79EFBC}") = "Town Centre Turmoil.CSharp.Editor", "Town Centre Turmoil.CSharp.Editor.csproj", "{BD6DD46C-EC0E-2E9A-ECB9-EA17F581A51A}"
EndProject
Global
	GlobalSection(SolutionConfigurationPlatforms) = preSolution
		Debug|Any CPU = Debug|Any CPU
		Release|Any CPU = Release|Any CPU
	EndGlobalSection
	GlobalSection(ProjectConfigurationPlatforms) = postSolution
		{D3299B23-B406-335D-4ED4-8C5E805FB4F4}.Debug|Any CPU.ActiveCfg = Debug|Any CPU
		{D3299B23-B406-335D-4ED4-8C5E805FB4F4}.Debug|Any CPU.Build.0 = Debug|Any CPU
		{D3299B23-B406-335D-4ED4-8C5E805FB4F4}.Release|Any CPU.ActiveCfg = Release|Any CPU
		{D3299B23-B406-335D-4ED4-8C5E805FB4F4}.Release|Any CPU.Build.0 = Release|Any CPU
		{BD6DD46C-EC0E-2E9A-ECB9-EA17F581A51A}.Debug|Any CPU.ActiveCfg = Debug|Any CPU
		{BD6DD46C-EC0E-2E9A-ECB9-EA17F581A51A}.Debug|Any CPU.Build.0 = Debug|Any CPU
		{BD6DD46C-EC0E-2E9A-ECB9-EA17F581A51A}.Release|Any CPU.ActiveCfg = Release|Any CPU
		{BD6DD46C-EC0E-2E9A-ECB9-EA17F581A51A}.Release|Any CPU.Build.0 = Release|Any CPU
	EndGlobalSection
	GlobalSection(SolutionProperties) = preSolution
		HideSolutionNode = FALSE
	EndGlobalSection
EndGlobal
